
Microsoft Visual Studio Solution File, Format Version 12.00
# Visual Studio Version 16
VisualStudioVersion = 16.0.31025.194
MinimumVisualStudioVersion = 10.0.40219.1
Project("{FAE04EC0-301F-11D3-BF4B-00C04F79EFBC}") = "CLab2", "CLab2\CLab2.csproj", "{64DDAF57-0188-4D96-B895-96D85B8D0831}"
EndProject
Project("{FAE04EC0-301F-11D3-BF4B-00C04F79EFBC}") = "CLab3", "CLab3\CLab3.csproj", "{47FA565E-F25B-4F4D-AD3A-53F87DF443E3}"
EndProject
Global
	GlobalSection(SolutionConfigurationPlatforms) = preSolution
		Debug|Any CPU = Debug|Any CPU
		Release|Any CPU = Release|Any CPU
	EndGlobalSection
	GlobalSection(ProjectConfigurationPlatforms) = postSolution
		{64DDAF57-0188-4D96-B895-96D85B8D0831}.Debug|Any CPU.ActiveCfg = Debug|Any CPU
		{64DDAF57-0188-4D96-B895-96D85B8D0831}.Debug|Any CPU.Build.0 = Debug|Any CPU
		{64DDAF57-0188-4D96-B895-96D85B8D0831}.Release|Any CPU.ActiveCfg = Release|Any CPU
		{64DDAF57-0188-4D96-B895-96D85B8D0831}.Release|Any CPU.Build.0 = Release|Any CPU
		{47FA565E-F25B-4F4D-AD3A-53F87DF443E3}.Debug|Any CPU.ActiveCfg = Debug|Any CPU
		{47FA565E-F25B-4F4D-AD3A-53F87DF443E3}.Debug|Any CPU.Build.0 = Debug|Any CPU
		{47FA565E-F25B-4F4D-AD3A-53F87DF443E3}.Release|Any CPU.ActiveCfg = Release|Any CPU
		{47FA565E-F25B-4F4D-AD3A-53F87DF443E3}.Release|Any CPU.Build.0 = Release|Any CPU
	EndGlobalSection
	GlobalSection(SolutionProperties) = preSolution
		HideSolutionNode = FALSE
	EndGlobalSection
	GlobalSection(ExtensibilityGlobals) = postSolution
		SolutionGuid = {06BB978D-1E5C-48EA-B789-6DBC12B9CC43}
	EndGlobalSection
EndGlobal
